
Microsoft Visual Studio Solution File, Format Version 12.00
# Visual Studio Version 17
VisualStudioVersion = 17.0.32126.317
MinimumVisualStudioVersion = 10.0.40219.1
Project("{FAE04EC0-301F-11D3-BF4B-00C04F79EFBC}") = "App2.Android", "App2.Android\App2.Android.csproj", "{B3194EF6-13E0-4386-9107-5275CD035DD5}"
EndProject
Project("{FAE04EC0-301F-11D3-BF4B-00C04F79EFBC}") = "App2", "App2\App2.csproj", "{10F75106-8D9D-4C24-8C7F-3058CC60B8C2}"
EndProject
Global
	GlobalSection(SolutionConfigurationPlatforms) = preSolution
		Debug|Any CPU = Debug|Any CPU
		Release|Any CPU = Release|Any CPU
	EndGlobalSection
	GlobalSection(ProjectConfigurationPlatforms) = postSolution
		{B3194EF6-13E0-4386-9107-5275CD035DD5}.Debug|Any CPU.ActiveCfg = Debug|Any CPU
		{B3194EF6-13E0-4386-9107-5275CD035DD5}.Debug|Any CPU.Build.0 = Debug|Any CPU
		{B3194EF6-13E0-4386-9107-5275CD035DD5}.Debug|Any CPU.Deploy.0 = Debug|Any CPU
		{B3194EF6-13E0-4386-9107-5275CD035DD5}.Release|Any CPU.ActiveCfg = Release|Any CPU
		{B3194EF6-13E0-4386-9107-5275CD035DD5}.Release|Any CPU.Build.0 = Release|Any CPU
		{B3194EF6-13E0-4386-9107-5275CD035DD5}.Release|Any CPU.Deploy.0 = Release|Any CPU
		{10F75106-8D9D-4C24-8C7F-3058CC60B8C2}.Debug|Any CPU.ActiveCfg = Debug|Any CPU
		{10F75106-8D9D-4C24-8C7F-3058CC60B8C2}.Debug|Any CPU.Build.0 = Debug|Any CPU
		{10F75106-8D9D-4C24-8C7F-3058CC60B8C2}.Debug|Any CPU.Deploy.0 = Debug|Any CPU
		{10F75106-8D9D-4C24-8C7F-3058CC60B8C2}.Release|Any CPU.ActiveCfg = Release|Any CPU
		{10F75106-8D9D-4C24-8C7F-3058CC60B8C2}.Release|Any CPU.Build.0 = Release|Any CPU
		{10F75106-8D9D-4C24-8C7F-3058CC60B8C2}.Release|Any CPU.Deploy.0 = Release|Any CPU
	EndGlobalSection
	GlobalSection(SolutionProperties) = preSolution
		HideSolutionNode = FALSE
	EndGlobalSection
	GlobalSection(ExtensibilityGlobals) = postSolution
		SolutionGuid = {D6D16795-D4F2-478A-8CBB-A30AEE0BC425}
	EndGlobalSection
EndGlobal
